dependencies:
- name: postgresql
  repository: https://charts.bitnami.com/bitnami
  version: 16.7.27
- name: mariadb
  repository: https://charts.bitnami.com/bitnami
  version: 26.1.5
digest: sha256:6da7d1064c20dbad6d8833580469ba526c39a96961ddd331fc33d292af428608
generated: "2026-06-17T15:39:35.002687+08:00"
