dependencies:
- name: postgresql
  repository: oci://registry-1.docker.io/bitnamicharts
  version: 16.7.27
- name: mariadb
  repository: oci://registry-1.docker.io/bitnamicharts
  version: 26.1.5
digest: sha256:35777ad636ac0b76aa35e289861470721d5db8c3e5cfba63556ef51a9f588fa7
generated: "2026-06-17T18:19:34.726115+08:00"
